
Microsoft Visual Studio Solution File, Format Version 12.00
Project("{2150E333-8FDC-42A3-9474-1A3956D46DE8}") = "src", "src", "{42E51C67-31A1-4095-943E-025230A767E0}"
EndProject
Project("{FAE04EC0-301F-11D3-BF4B-00C04F79EFBC}") = "TaskManagement.Domain", "TaskManagement.Domain\TaskManagement.Domain.csproj", "{A5D8B8DB-A51E-4256-B912-67BBD804213E}"
EndProject
Project("{FAE04EC0-301F-11D3-BF4B-00C04F79EFBC}") = "TaskManagement.Application", "TaskManagement.Application\TaskManagement.Application.csproj", "{F2772BB9-8E35-44E0-A31C-3811EC74C00F}"
EndProject
Project("{FAE04EC0-301F-11D3-BF4B-00C04F79EFBC}") = "TaskManagement.Infrastructure", "TaskManagement.Infrastructure\TaskManagement.Infrastructure.csproj", "{62DD2156-AB05-4DBD-BD67-CA5804A10009}"
EndProject
Project("{FAE04EC0-301F-11D3-BF4B-00C04F79EFBC}") = "TaskManagement.Persistence", "TaskManagement.Persistence\TaskManagement.Persistence.csproj", "{0DC027A0-07CF-4BFA-8019-88FA0C27CB52}"
EndProject
Project("{FAE04EC0-301F-11D3-BF4B-00C04F79EFBC}") = "TaskManagement.Api", "TaskManagement.Api\TaskManagement.Api.csproj", "{6CC6AE01-6535-42B4-B2D8-D623F8D2677E}"
EndProject
Project("{2150E333-8FDC-42A3-9474-1A3956D46DE8}") = "test", "test", "{D5BFA837-57BF-4673-BDA9-57A917824A28}"
EndProject
Project("{FAE04EC0-301F-11D3-BF4B-00C04F79EFBC}") = "TaskManagement.Application.Tests", "TaskManagement.Application.Tests\TaskManagement.Application.Tests.csproj", "{B7200761-3F41-4A58-80E1-0061ADB1E002}"
EndProject
Global
	GlobalSection(SolutionConfigurationPlatforms) = preSolution
		Debug|Any CPU = Debug|Any CPU
		Release|Any CPU = Release|Any CPU
	EndGlobalSection
	GlobalSection(NestedProjects) = preSolution
		{A5D8B8DB-A51E-4256-B912-67BBD804213E} = {42E51C67-31A1-4095-943E-025230A767E0}
		{F2772BB9-8E35-44E0-A31C-3811EC74C00F} = {42E51C67-31A1-4095-943E-025230A767E0}
		{62DD2156-AB05-4DBD-BD67-CA5804A10009} = {42E51C67-31A1-4095-943E-025230A767E0}
		{0DC027A0-07CF-4BFA-8019-88FA0C27CB52} = {42E51C67-31A1-4095-943E-025230A767E0}
		{6CC6AE01-6535-42B4-B2D8-D623F8D2677E} = {42E51C67-31A1-4095-943E-025230A767E0}
		{B7200761-3F41-4A58-80E1-0061ADB1E002} = {D5BFA837-57BF-4673-BDA9-57A917824A28}
	EndGlobalSection
	GlobalSection(ProjectConfigurationPlatforms) = postSolution
		{A5D8B8DB-A51E-4256-B912-67BBD804213E}.Debug|Any CPU.ActiveCfg = Debug|Any CPU
		{A5D8B8DB-A51E-4256-B912-67BBD804213E}.Debug|Any CPU.Build.0 = Debug|Any CPU
		{A5D8B8DB-A51E-4256-B912-67BBD804213E}.Release|Any CPU.ActiveCfg = Release|Any CPU
		{A5D8B8DB-A51E-4256-B912-67BBD804213E}.Release|Any CPU.Build.0 = Release|Any CPU
		{F2772BB9-8E35-44E0-A31C-3811EC74C00F}.Debug|Any CPU.ActiveCfg = Debug|Any CPU
		{F2772BB9-8E35-44E0-A31C-3811EC74C00F}.Debug|Any CPU.Build.0 = Debug|Any CPU
		{F2772BB9-8E35-44E0-A31C-3811EC74C00F}.Release|Any CPU.ActiveCfg = Release|Any CPU
		{F2772BB9-8E35-44E0-A31C-3811EC74C00F}.Release|Any CPU.Build.0 = Release|Any CPU
		{62DD2156-AB05-4DBD-BD67-CA5804A10009}.Debug|Any CPU.ActiveCfg = Debug|Any CPU
		{62DD2156-AB05-4DBD-BD67-CA5804A10009}.Debug|Any CPU.Build.0 = Debug|Any CPU
		{62DD2156-AB05-4DBD-BD67-CA5804A10009}.Release|Any CPU.ActiveCfg = Release|Any CPU
		{62DD2156-AB05-4DBD-BD67-CA5804A10009}.Release|Any CPU.Build.0 = Release|Any CPU
		{0DC027A0-07CF-4BFA-8019-88FA0C27CB52}.Debug|Any CPU.ActiveCfg = Debug|Any CPU
		{0DC027A0-07CF-4BFA-8019-88FA0C27CB52}.Debug|Any CPU.Build.0 = Debug|Any CPU
		{0DC027A0-07CF-4BFA-8019-88FA0C27CB52}.Release|Any CPU.ActiveCfg = Release|Any CPU
		{0DC027A0-07CF-4BFA-8019-88FA0C27CB52}.Release|Any CPU.Build.0 = Release|Any CPU
		{6CC6AE01-6535-42B4-B2D8-D623F8D2677E}.Debug|Any CPU.ActiveCfg = Debug|Any CPU
		{6CC6AE01-6535-42B4-B2D8-D623F8D2677E}.Debug|Any CPU.Build.0 = Debug|Any CPU
		{6CC6AE01-6535-42B4-B2D8-D623F8D2677E}.Release|Any CPU.ActiveCfg = Release|Any CPU
		{6CC6AE01-6535-42B4-B2D8-D623F8D2677E}.Release|Any CPU.Build.0 = Release|Any CPU
		{B7200761-3F41-4A58-80E1-0061ADB1E002}.Debug|Any CPU.ActiveCfg = Debug|Any CPU
		{B7200761-3F41-4A58-80E1-0061ADB1E002}.Debug|Any CPU.Build.0 = Debug|Any CPU
		{B7200761-3F41-4A58-80E1-0061ADB1E002}.Release|Any CPU.ActiveCfg = Release|Any CPU
		{B7200761-3F41-4A58-80E1-0061ADB1E002}.Release|Any CPU.Build.0 = Release|Any CPU
	EndGlobalSection
EndGlobal
